
Microsoft Visual Studio Solution File, Format Version 12.00
# Visual Studio Version 16
VisualStudioVersion = 16.0.30804.86
MinimumVisualStudioVersion = 10.0.40219.1
Project("{9A19103F-16F7-4668-BE54-9A1E7A4F7556}") = "ConsoleImplementation", "ConsoleImplementation\ConsoleImplementation.csproj", "{09FBD5AE-58C1-4744-BE0E-DDC6FFFEBC08}"
EndProject
Project("{9A19103F-16F7-4668-BE54-9A1E7A4F7556}") = "Engine", "Engine\Engine.csproj", "{148F8FFE-2560-4DC1-98B8-76B438C90D9F}"
EndProject
Project("{FAE04EC0-301F-11D3-BF4B-00C04F79EFBC}") = "GUI", "WindowsFormsApp1\GUI.csproj", "{847F4A44-8B9A-483F-B642-C8E2D2BEFB97}"
EndProject
Global
	GlobalSection(SolutionConfigurationPlatforms) = preSolution
		Debug|Any CPU = Debug|Any CPU
		Release|Any CPU = Release|Any CPU
	EndGlobalSection
	GlobalSection(ProjectConfigurationPlatforms) = postSolution
		{09FBD5AE-58C1-4744-BE0E-DDC6FFFEBC08}.Debug|Any CPU.ActiveCfg = Debug|Any CPU
		{09FBD5AE-58C1-4744-BE0E-DDC6FFFEBC08}.Debug|Any CPU.Build.0 = Debug|Any CPU
		{09FBD5AE-58C1-4744-BE0E-DDC6FFFEBC08}.Release|Any CPU.ActiveCfg = Release|Any CPU
		{09FBD5AE-58C1-4744-BE0E-DDC6FFFEBC08}.Release|Any CPU.Build.0 = Release|Any CPU
		{148F8FFE-2560-4DC1-98B8-76B438C90D9F}.Debug|Any CPU.ActiveCfg = Debug|Any CPU
		{148F8FFE-2560-4DC1-98B8-76B438C90D9F}.Debug|Any CPU.Build.0 = Debug|Any CPU
		{148F8FFE-2560-4DC1-98B8-76B438C90D9F}.Release|Any CPU.ActiveCfg = Release|Any CPU
		{148F8FFE-2560-4DC1-98B8-76B438C90D9F}.Release|Any CPU.Build.0 = Release|Any CPU
		{847F4A44-8B9A-483F-B642-C8E2D2BEFB97}.Debug|Any CPU.ActiveCfg = Debug|Any CPU
		{847F4A44-8B9A-483F-B642-C8E2D2BEFB97}.Debug|Any CPU.Build.0 = Debug|Any CPU
		{847F4A44-8B9A-483F-B642-C8E2D2BEFB97}.Release|Any CPU.ActiveCfg = Release|Any CPU
		{847F4A44-8B9A-483F-B642-C8E2D2BEFB97}.Release|Any CPU.Build.0 = Release|Any CPU
	EndGlobalSection
	GlobalSection(SolutionProperties) = preSolution
		HideSolutionNode = FALSE
	EndGlobalSection
	GlobalSection(ExtensibilityGlobals) = postSolution
		SolutionGuid = {13CCC14B-4F65-4BCB-BE99-BD74DC1EB027}
	EndGlobalSection
EndGlobal
